
Microsoft Visual Studio Solution File, Format Version 12.00
# Visual Studio 15
VisualStudioVersion = 15.0.28307.106
MinimumVisualStudioVersion = 10.0.40219.1
Project("{FAE04EC0-301F-11D3-BF4B-00C04F79EFBC}") = "WindowsFormsApp1", "WindowsFormsApp1\WindowsFormsApp1.csproj", "{B55D3974-F9E0-470E-8010-2C52D6FF81A9}"
EndProject
Global
	GlobalSection(SolutionConfigurationPlatforms) = preSolution
		Debug|Any CPU = Debug|Any CPU
		Release|Any CPU = Release|Any CPU
	EndGlobalSection
	GlobalSection(ProjectConfigurationPlatforms) = postSolution
		{B55D3974-F9E0-470E-8010-2C52D6FF81A9}.Debug|Any CPU.ActiveCfg = Debug|Any CPU
		{B55D3974-F9E0-470E-8010-2C52D6FF81A9}.Debug|Any CPU.Build.0 = Debug|Any CPU
		{B55D3974-F9E0-470E-8010-2C52D6FF81A9}.Release|Any CPU.ActiveCfg = Release|Any CPU
		{B55D3974-F9E0-470E-8010-2C52D6FF81A9}.Release|Any CPU.Build.0 = Release|Any CPU
	EndGlobalSection
	GlobalSection(SolutionProperties) = preSolution
		HideSolutionNode = FALSE
	EndGlobalSection
	GlobalSection(ExtensibilityGlobals) = postSolution
		SolutionGuid = {0B15DFEB-39B3-4902-BBC4-3F6ED65AA24C}
	EndGlobalSection
EndGlobal
